{
  "nodes": {
    "boomer": {
      "inputs": {
        "flake-utils": "flake-utils",
        "nixpkgs": "nixpkgs"
      },
      "locked": {
        "lastModified": 1737593138,
        "narHash": "sha256-Bf4DEcyU/5kjIRS4Yo8MnNfAItBXzH9/cCufQcyqTBE=",
        "owner": "nilp0inter",
        "repo": "boomer",
        "rev": "3c1917956ac40de94a86d471202c968e4a93c3dd",
        "type": "github"
      },
      "original": {
        "owner": "nilp0inter",
        "repo": "boomer",
        "type": "github"
      }
    },
    "emacs-overlay": {
      "inputs": {
        "nixpkgs": [
          "libys",
          "nixutils"
        ],
        "nixpkgs-stable": "nixpkgs-stable"
      },
      "locked": {
        "lastModified": 1788792792,
        "narHash": "sha256-cdWYVmuG2OAcVa+eckoCat8eW4grcpB3fhwXMes/WG8=",
        "owner": "nix-community",
        "repo": "emacs-overlay",
        "rev": "3afa14f7602bf9b566dee7eaf4a16f884b321684",
        "type": "github"
      },
      "original": {
        "owner": "nix-community",
        "repo": "emacs-overlay",
        "type": "github"
      }
    },
    "flake-compat": {
      "locked": {
        "lastModified": 1767039857,
        "narHash": "sha256-vNpUSpF5Nuw8xvDLj2KCwwksIbjua2LZCqhV1LNRDns=",
        "owner": "edolstra",
        "repo": "flake-compat",
        "rev": "5edf11c44bc78a0d334f6334cdaf7d60d732daab",
        "type": "github"
      },
      "original": {
        "owner": "edolstra",
        "repo": "flake-compat",
        "type": "github"
      }
    },
    "flake-compat_2": {
      "flake": false,
      "locked": {
        "lastModified": 1696426674,
        "narHash": "sha256-kvjfFW7WAETZlt09AgDn1MrtKzP7t90Vf7vypd3OL1U=",
        "owner": "edolstra",
        "repo": "flake-compat",
        "rev": "0f9255e01c2351cc7d116c072cb317785dd33b33",
        "type": "github"
      },
      "original": {
        "owner": "edolstra",
        "repo": "flake-compat",
        "type": "github"
      }
    },
    "flake-parts": {
      "inputs": {
        "nixpkgs-lib": [
          "hermes",
          "neovim-nightly-overlay",
          "nixpkgs"
        ]
      },
      "locked": {
        "lastModified": 1788450739,
        "narHash": "sha256-glZLQlzIn1fXH6PazR2iUmTo7kzzyYSshrWhLS9TqCU=",
        "owner": "hercules-ci",
        "repo": "flake-parts",
        "rev": "31729ca8cbdb4fa927b34e5f4353e6a83f39e993",
        "type": "github"
      },
      "original": {
        "owner": "hercules-ci",
        "repo": "flake-parts",
        "type": "github"
      }
    },
    "flake-utils": {
      "inputs": {
        "systems": "systems"
      },
      "locked": {
        "lastModified": 1731533236,
        "narHash": "sha256-l0KFg5HjrsfsO/JpG+r7fRrqm12kzFHyUHqHCVpMMbI=",
        "owner": "numtide",
        "repo": "flake-utils",
        "rev": "11707dc2f618dd54ca8739b309ec4fc024de578b",
        "type": "github"
      },
      "original": {
        "owner": "numtide",
        "repo": "flake-utils",
        "type": "github"
      }
    },
    "hermes": {
      "inputs": {
        "neovim-nightly-overlay": "neovim-nightly-overlay",
        "nixpkgs": [
          "nixpkgs"
        ],
        "nixutils": "nixutils",
        "vlime": "vlime"
      },
      "locked": {
        "lastModified": 1788801023,
        "narHash": "sha256-+cwtOKWCrqeg12jOyZePa4ZETV0YCuDzM3wjIQ6pMs8=",
        "owner": "pandecode",
        "repo": "hermes",
        "rev": "2cdf99660faa3d299f819d5492ebd46b881e4a99",
        "type": "github"
      },
      "original": {
        "owner": "pandecode",
        "repo": "hermes",
        "type": "github"
      }
    },
    "home-manager": {
      "inputs": {
        "nixpkgs": [
          "zen-browser",
          "nixpkgs"
        ]
      },
      "locked": {
        "lastModified": 1788229478,
        "narHash": "sha256-G0F2rFORVcFkEvVdE/qWQTnYekIc77YP5/vRF9nZlxU=",
        "owner": "nix-community",
        "repo": "home-manager",
        "rev": "1dc2d1f720ab17fc7981e087346bf54b26d284b1",
        "type": "github"
      },
      "original": {
        "owner": "nix-community",
        "repo": "home-manager",
        "type": "github"
      }
    },
    "libys": {
      "inputs": {
        "emacs-overlay": "emacs-overlay",
        "nixpkgs": [
          "nixpkgs"
        ],
        "nixutils": "nixutils_2"
      },
      "locked": {
        "lastModified": 1788801035,
        "narHash": "sha256-JDnJ0W/p9Z/b15oCoasi2yHKl8xzDnbXL33egEUMzpk=",
        "owner": "pandecode",
        "repo": "libys",
        "rev": "44a7bf66567a1bee3020c0ed03ff7596a616e58e",
        "type": "github"
      },
      "original": {
        "owner": "pandecode",
        "repo": "libys",
        "type": "github"
      }
    },
    "neovim-nightly-overlay": {
      "inputs": {
        "flake-parts": "flake-parts",
        "neovim-src": "neovim-src",
        "nixpkgs": [
          "hermes",
          "nixpkgs"
        ]
      },
      "locked": {
        "lastModified": 1788739358,
        "narHash": "sha256-LIth3ea7UZeGfyZ4YqbsMkYM0YgjHmlVZIWPzvN3lT8=",
        "owner": "nix-community",
        "repo": "neovim-nightly-overlay",
        "rev": "fcbd308de28547e7c7483907ada8cd5723b5a8a0",
        "type": "github"
      },
      "original": {
        "owner": "nix-community",
        "repo": "neovim-nightly-overlay",
        "type": "github"
      }
    },
    "neovim-src": {
      "flake": false,
      "locked": {
        "lastModified": 1788720648,
        "narHash": "sha256-kjlohKRzbpAiuwjcTsPeSV+Z4y0jeI7jowuOeD/j9j0=",
        "owner": "neovim",
        "repo": "neovim",
        "rev": "6cbde6a95f2da043ef8cb66b7e51daedd3bacffb",
        "type": "github"
      },
      "original": {
        "owner": "neovim",
        "repo": "neovim",
        "type": "github"
      }
    },
    "nix-alien": {
      "inputs": {
        "flake-compat": "flake-compat",
        "nix-index-database": "nix-index-database",
        "nixpkgs": [
          "nixpkgs"
        ]
      },
      "locked": {
        "lastModified": 1789478421,
        "narHash": "sha256-38OKZCaTtcvj3LIicEy/1lbxEKS0ZL7wCkJxzxClQw0=",
        "owner": "thiagokokada",
        "repo": "nix-alien",
        "rev": "0cca578c63e9055d2514e456d78d6f42bdd1eca2",
        "type": "github"
      },
      "original": {
        "owner": "thiagokokada",
        "repo": "nix-alien",
        "type": "github"
      }
    },
    "nix-index-database": {
      "inputs": {
        "nixpkgs": [
          "nix-alien",
          "nixpkgs"
        ]
      },
      "locked": {
        "lastModified": 1789286446,
        "narHash": "sha256-xVstyCdg0DpzjyrEacm72VJAIP9DMhfWJdPDzhWxHuo=",
        "owner": "nix-community",
        "repo": "nix-index-database",
        "rev": "a74e173407559083a412ea89a1cc58ea389c3b65",
        "type": "github"
      },
      "original": {
        "owner": "nix-community",
        "repo": "nix-index-database",
        "type": "github"
      }
    },
    "nixpkgs": {
      "locked": {
        "lastModified": 1737062831,
        "narHash": "sha256-Tbk1MZbtV2s5aG+iM99U8FqwxU/YNArMcWAv6clcsBc=",
        "path": "/nix/store/l9nb64iii15y0nr37qrs1cfm6rlpg6gh-source",
        "rev": "5df43628fdf08d642be8ba5b3625a6c70731c19c",
        "type": "path"
      },
      "original": {
        "id": "nixpkgs",
        "type": "indirect"
      }
    },
    "nixpkgs-stable": {
      "locked": {
        "lastModified": 1788690626,
        "narHash": "sha256-+v4I4LawmRD/mVxO7QIAerRrCkElp3YImzWkkUnvOTg=",
        "owner": "NixOS",
        "repo": "nixpkgs",
        "rev": "c25784012c9982bca5b3e0de87e90bbdac8927d3",
        "type": "github"
      },
      "original": {
        "owner": "NixOS",
        "ref": "nixos-26.05",
        "repo": "nixpkgs",
        "type": "github"
      }
    },
    "nixpkgs_2": {
      "locked": {
        "lastModified": 1789286504,
        "narHash": "sha256-3i80JnZ9pZ7tWReb/Sqpc32cfzffCu8TWLnbnH0hN9c=",
        "rev": "ef34387ddd751e1ab8857adf4676492d32eb24ec",
        "type": "tarball",
        "url": "https://releases.nixos.org/nixos/unstable/nixos-26.11pre1073009.ef34387ddd75/nixexprs.tar.zst"
      },
      "original": {
        "type": "tarball",
        "url": "https://channels.nixos.org/nixos-unstable/nixexprs.tar.zst"
      }
    },
    "nixutils": {
      "inputs": {
        "nixpkgs": [
          "hermes",
          "nixpkgs"
        ]
      },
      "locked": {
        "lastModified": 1788801008,
        "narHash": "sha256-VwIQ1Bcmt8VFfz5I942zgG6A7p5axJRjQpEdMwi4j10=",
        "owner": "PandeCode",
        "repo": "nixutils",
        "rev": "1e2eb5fbb072b58e9f8aa6c61dd009cb44b3d4ab",
        "type": "github"
      },
      "original": {
        "owner": "PandeCode",
        "repo": "nixutils",
        "type": "github"
      }
    },
    "nixutils_2": {
      "inputs": {
        "nixpkgs": [
          "libys",
          "nixpkgs"
        ]
      },
      "locked": {
        "lastModified": 1788801008,
        "narHash": "sha256-VwIQ1Bcmt8VFfz5I942zgG6A7p5axJRjQpEdMwi4j10=",
        "owner": "PandeCode",
        "repo": "nixutils",
        "rev": "1e2eb5fbb072b58e9f8aa6c61dd009cb44b3d4ab",
        "type": "github"
      },
      "original": {
        "owner": "PandeCode",
        "repo": "nixutils",
        "type": "github"
      }
    },
    "nixutils_3": {
      "inputs": {
        "nixpkgs": [
          "nixpkgs"
        ]
      },
      "locked": {
        "lastModified": 1789489641,
        "narHash": "sha256-XDmwDv58y5T8AeTbIMccfQvvXlAjTXALnug6js6Ctl8=",
        "owner": "pandecode",
        "repo": "nixutils",
        "rev": "fdbbe6a1edd15bdecb1c9db3fb5977f23932363e",
        "type": "github"
      },
      "original": {
        "owner": "pandecode",
        "repo": "nixutils",
        "type": "github"
      }
    },
    "root": {
      "inputs": {
        "boomer": "boomer",
        "hermes": "hermes",
        "libys": "libys",
        "nix-alien": "nix-alien",
        "nixpkgs": "nixpkgs_2",
        "nixutils": "nixutils_3",
        "zen-browser": "zen-browser",
        "zig-overlay": "zig-overlay"
      }
    },
    "systems": {
      "locked": {
        "lastModified": 1681028828,
        "narHash": "sha256-Vy1rq5AaRuLzOxct8nz4T6wlgyUR7zLU309k9mBC768=",
        "owner": "nix-systems",
        "repo": "default",
        "rev": "da67096a3b9bf56a91d16901293e51ba5b49a27e",
        "type": "github"
      },
      "original": {
        "owner": "nix-systems",
        "repo": "default",
        "type": "github"
      }
    },
    "systems_2": {
      "flake": false,
      "locked": {
        "lastModified": 1681028828,
        "narHash": "sha256-Vy1rq5AaRuLzOxct8nz4T6wlgyUR7zLU309k9mBC768=",
        "owner": "nix-systems",
        "repo": "default",
        "rev": "da67096a3b9bf56a91d16901293e51ba5b49a27e",
        "type": "github"
      },
      "original": {
        "owner": "nix-systems",
        "repo": "default",
        "type": "github"
      }
    },
    "vlime": {
      "flake": false,
      "locked": {
        "lastModified": 1747582404,
        "narHash": "sha256-tCqN80lgj11ggzGmuGF077oqL5ByjUp6jVmRUTrIWJA=",
        "owner": "vlime",
        "repo": "vlime",
        "rev": "e276e9a6f37d2699a3caa63be19314f5a19a1481",
        "type": "github"
      },
      "original": {
        "owner": "vlime",
        "repo": "vlime",
        "type": "github"
      }
    },
    "zen-browser": {
      "inputs": {
        "home-manager": "home-manager",
        "nixpkgs": [
          "nixpkgs"
        ]
      },
      "locked": {
        "lastModified": 1789387191,
        "narHash": "sha256-UWMvwIlLV3zF2Mkwus17NfLyBzwBsR/5pHFxrWWGyaA=",
        "owner": "0xc000022070",
        "repo": "zen-browser-flake",
        "rev": "6a281d7c09c0ed6450c5c948ee9a387390285317",
        "type": "github"
      },
      "original": {
        "owner": "0xc000022070",
        "repo": "zen-browser-flake",
        "type": "github"
      }
    },
    "zig-overlay": {
      "inputs": {
        "flake-compat": "flake-compat_2",
        "nixpkgs": [
          "nixpkgs"
        ],
        "systems": "systems_2"
      },
      "locked": {
        "lastModified": 1789388970,
        "narHash": "sha256-FLe1anYsV+/kqj6fb1kuHpIofnO358ggDRCsv9hRA4I=",
        "owner": "mitchellh",
        "repo": "zig-overlay",
        "rev": "45488791fd332ace7ef242acbc4f631990a48c7f",
        "type": "github"
      },
      "original": {
        "owner": "mitchellh",
        "repo": "zig-overlay",
        "type": "github"
      }
    }
  },
  "root": "root",
  "version": 7
}
